
Microsoft Visual Studio Solution File, Format Version 12.00
# Visual Studio Version 17
VisualStudioVersion = 17.10.35004.147
MinimumVisualStudioVersion = 10.0.40219.1
Project("{FAE04EC0-301F-11D3-BF4B-00C04F79EFBC}") = "Canvas Drawing Application", "Canvas Drawing Application\Canvas Drawing Application.csproj", "{2FB4EABF-D3CF-410C-9CF7-E838C8961B1E}"
EndProject
Global
	GlobalSection(SolutionConfigurationPlatforms) = preSolution
		Debug|Any CPU = Debug|Any CPU
		Release|Any CPU = Release|Any CPU
	EndGlobalSection
	GlobalSection(ProjectConfigurationPlatforms) = postSolution
		{2FB4EABF-D3CF-410C-9CF7-E838C8961B1E}.Debug|Any CPU.ActiveCfg = Debug|Any CPU
		{2FB4EABF-D3CF-410C-9CF7-E838C8961B1E}.Debug|Any CPU.Build.0 = Debug|Any CPU
		{2FB4EABF-D3CF-410C-9CF7-E838C8961B1E}.Release|Any CPU.ActiveCfg = Release|Any CPU
		{2FB4EABF-D3CF-410C-9CF7-E838C8961B1E}.Release|Any CPU.Build.0 = Release|Any CPU
	EndGlobalSection
	GlobalSection(SolutionProperties) = preSolution
		HideSolutionNode = FALSE
	EndGlobalSection
	GlobalSection(ExtensibilityGlobals) = postSolution
		SolutionGuid = {0B4CA23D-AA50-42B2-B10B-7499FFC0283E}
	EndGlobalSection
EndGlobal
